github.com/OneOfOne/xxhash v1.2.5 h1:zl/OfRA6nftbBK9qTohYBJ5xvw6C/oNKizR7cZGl3cI=
github.com/OneOfOne/xxhash v1.2.5/go.mod h1:eZbhyaAYD41SGSSsnmcpxVoRiQ/MPUTjUdIIOT9Um7Q=
github.com/arangodb/go-driver v0.0.0-20191002124627-11b6bfc64f67 h1:Nmcpj1EUYYOs3x/4F/4GH2nA8ooxkInWjOmbyOlw4bQ=
github.com/arangodb/go-driver v0.0.0-20191002124627-11b6bfc64f67/go.mod h1:5nMxlcbN6PHA05uGUw2EH6PIQHvdRVTrg/S/GM8jG4w=
github.com/arangodb/go-velocypack v0.0.0-20190129082528-7896a965b4ad h1:Ah+VRYUWLuqgbfnDyuC8IrIe8XFzpt9tBVVnPGFNTJ8=
github.com/arangodb/go-velocypack v0.0.0-20190129082528-7896a965b4ad/go.mod h1:7QCjpWXdB49P6fql1CxmsBWd8z/T4L4pqFLTnc10xNM=
github.com/davecgh/go-spew v1.1.1 h1:vj9j/u1bqnvCEfJOwUhtlOARqs3+rkHYY13jYWTU97c=
github.com/davecgh/go-spew v1.1.1/go.mod h1:J7Y8YcW2NihsgmVo/mv3lAwl/skON4iLHjSsI+c5H38=
github.com/dgrijalva/jwt-go v3.2.0+incompatible/go.mod h1:E3ru+11k8xSBh+hMPgOLZmtrrCbhqsmaPHjLKYnJCaQ=
github.com/ghodss/yaml v1.0.0 h1:wQHKEahhL6wmXdzwWG11gIVCkOv05bNOh+Rxn0yngAk=
github.com/ghodss/yaml v1.0.0/go.mod h1:4dBDuWmgqj2HViK6kFavaiC9ZROes6MMH2rRYeMEF04=
github.com/gobwas/glob v0.2.3 h1:A4xDbljILXROh+kObIiy5kIaPYD8e96x1tgBhUI5J+Y=
github.com/gobwas/glob v0.2.3/go.mod h1:d3Ez4x06l9bZtSvzIay5+Yzi0fmZzPgnTbPcKjJAkT8=
github.com/gofrs/uuid v3.2.0+incompatible h1:y12jRkkFxsd7GpqdSZ+/KCs/fJbqpEXSGd4+jfEaewE=
github.com/gofrs/uuid v3.2.0+incompatible/go.mod h1:b2aQJv3Z4Fp6yNu3cdSllBxTCLRxnplIgP/c0N/04lM=
github.com/open-policy-agent/opa v0.14.1 h1:gTjNgt27MREUZpSV/vmgCxr2n0a8PB3dLxs+Xpnu8l0=
github.com/open-policy-agent/opa v0.14.1/go.mod h1:rlfeSeHuZmMEpmrcGla42AjkOUjP4rGIpS96H12un3o=
github.com/pkg/errors v0.8.1 h1:iURUrRGxPUNPdy5/HRSm+Yj6okJ6UtLINN0Q9M4+h3I=
github.com/pkg/errors v0.8.1/go.mod h1:bwawxfHBFNV+L2hUp1rHADufV3IMtnDRdf1r5NINEl0=
github.com/pmezard/go-difflib v1.0.0 h1:4DBwDE0NGyQoBHbLQYPwSUPoCMWR5BEzIk/f1lZbAQM=
github.com/pmezard/go-difflib v1.0.0/go.mod h1:iKH77koFhYxTK1pcRnkKkqfTogsbg7gZNVY4sRDYZ/4=
github.com/rcrowley/go-metrics v0.0.0-20190826022208-cac0b30c2563 h1:dY6ETXrvDG7Sa4vE8ZQG4yqWg6UnOcbqTAahkV813vQ=
github.com/rcrowley/go-metrics v0.0.0-20190826022208-cac0b30c2563/go.mod h1:bCqnVzQkZxMG4s8nGwiZ5l3QUCyqpo9Y+/ZMZ9VjZe4=
github.com/stretchr/testify v1.2.2 h1:bSDNvY7ZPG5RlJ8otE/7V6gMiyenm9RtJ7IUVIAoJ1w=
github.com/stretchr/testify v1.2.2/go.mod h1:a8OnRcib4nhh0OaRAV+Yts87kKdq0PP7pXfy6kDkUVs=
github.com/yashtewari/glob-intersection v0.0.0-20180916065949-5c77d914dd0b h1:vVRagRXf67ESqAb72hG2C/ZwI8NtJF2u2V76EsuOHGY=
github.com/yashtewari/glob-intersection v0.0.0-20180916065949-5c77d914dd0b/go.mod h1:HptNXiXVDcJjXe9SqMd0v2FsL9f8dz4GnXgltU6q/co=
gopkg.in/check.v1 v0.0.0-20161208181325-20d25e280405 h1:yhCVgyC4o1eVCa2tZl7eS0r+SDo693bJlVdllGtEeKM=
gopkg.in/check.v1 v0.0.0-20161208181325-20d25e280405/go.mod h1:Co6ibVJAznAaIkqp8huTwlJQCZ016jof/cbN4VW5Yz0=
gopkg.in/yaml.v2 v2.2.4 h1:/eiJrUcujPVeJ3xlSWaiNi3uSVmDGBK1pDHUHAnao1I=
gopkg.in/yaml.v2 v2.2.4/go.mod h1:hI93XBmqTisBFMUTm0b8Fm+jr3Dg1NNxqwp+5A1VGuI=
